
Microsoft Visual Studio Solution File, Format Version 10.00
# Visual Studio 2008
Project("{FAE04EC0-301F-11D3-BF4B-00C04F79EFBC}") = "Michel_Isig", "Michel_Isig\Michel_Isig.csproj", "{0514209E-BE6D-4FC1-9661-A84834D1B091}"
EndProject
Global
	GlobalSection(SolutionConfigurationPlatforms) = preSolution
		Debug|Any CPU = Debug|Any CPU
		Release|Any CPU = Release|Any CPU
	EndGlobalSection
	GlobalSection(ProjectConfigurationPlatforms) = postSolution
		{0514209E-BE6D-4FC1-9661-A84834D1B091}.Debug|Any CPU.ActiveCfg = Debug|Any CPU
		{0514209E-BE6D-4FC1-9661-A84834D1B091}.Debug|Any CPU.Build.0 = Debug|Any CPU
		{0514209E-BE6D-4FC1-9661-A84834D1B091}.Release|Any CPU.ActiveCfg = Release|Any CPU
		{0514209E-BE6D-4FC1-9661-A84834D1B091}.Release|Any CPU.Build.0 = Release|Any CPU
	EndGlobalSection
	GlobalSection(SolutionProperties) = preSolution
		HideSolutionNode = FALSE
	EndGlobalSection
EndGlobal
